
Microsoft Visual Studio Solution File, Format Version 11.00
# Visual Studio 2010
Project("{FAE04EC0-301F-11D3-BF4B-00C04F79EFBC}") = "Mundo en Guerra", "Assembly-CSharp.csproj", "{3A3191D2-234B-740F-601B-75711F6374A5}"
EndProject
Project("{FAE04EC0-301F-11D3-BF4B-00C04F79EFBC}") = "Mundo en Guerra", "Assembly-CSharp-Editor.csproj", "{1EF31E03-C393-80B5-2715-99166F2766A7}"
EndProject
Global
	GlobalSection(SolutionConfigurationPlatforms) = preSolution
		Debug|Any CPU = Debug|Any CPU
		Release|Any CPU = Release|Any CPU
	EndGlobalSection
	GlobalSection(ProjectConfigurationPlatforms) = postSolution
		{3A3191D2-234B-740F-601B-75711F6374A5}.Debug|Any CPU.ActiveCfg = Debug|Any CPU
		{3A3191D2-234B-740F-601B-75711F6374A5}.Debug|Any CPU.Build.0 = Debug|Any CPU
		{3A3191D2-234B-740F-601B-75711F6374A5}.Release|Any CPU.ActiveCfg = Release|Any CPU
		{3A3191D2-234B-740F-601B-75711F6374A5}.Release|Any CPU.Build.0 = Release|Any CPU
		{1EF31E03-C393-80B5-2715-99166F2766A7}.Debug|Any CPU.ActiveCfg = Debug|Any CPU
		{1EF31E03-C393-80B5-2715-99166F2766A7}.Debug|Any CPU.Build.0 = Debug|Any CPU
		{1EF31E03-C393-80B5-2715-99166F2766A7}.Release|Any CPU.ActiveCfg = Release|Any CPU
		{1EF31E03-C393-80B5-2715-99166F2766A7}.Release|Any CPU.Build.0 = Release|Any CPU
	EndGlobalSection
	GlobalSection(SolutionProperties) = preSolution
		HideSolutionNode = FALSE
	EndGlobalSection
	GlobalSection(MonoDevelopProperties) = preSolution
		StartupItem = Assembly-CSharp.csproj
	EndGlobalSection
EndGlobal
